
Microsoft Visual Studio Solution File, Format Version 12.00
# Visual Studio 15
VisualStudioVersion = 15.0.27703.2026
MinimumVisualStudioVersion = 10.0.40219.1
Project("{9A19103F-16F7-4668-BE54-9A1E7A4F7556}") = "ParkEco.CoreAPI", "ParkEco.CoreAPI\ParkEco.CoreAPI.csproj", "{6FEF54BB-3C96-4122-823E-7259385C51E4}"
EndProject
Project("{FAE04EC0-301F-11D3-BF4B-00C04F79EFBC}") = "ParkEco.CoreAPI.UnitTests", "ParkEco.CoreAPI.UnitTests\ParkEco.CoreAPI.UnitTests.csproj", "{FC5B8EF2-F01D-4E89-B1C3-DD8F90883B9F}"
EndProject
Global
	GlobalSection(SolutionConfigurationPlatforms) = preSolution
		Debug|Any CPU = Debug|Any CPU
		Release|Any CPU = Release|Any CPU
	EndGlobalSection
	GlobalSection(ProjectConfigurationPlatforms) = postSolution
		{6FEF54BB-3C96-4122-823E-7259385C51E4}.Debug|Any CPU.ActiveCfg = Debug|Any CPU
		{6FEF54BB-3C96-4122-823E-7259385C51E4}.Debug|Any CPU.Build.0 = Debug|Any CPU
		{6FEF54BB-3C96-4122-823E-7259385C51E4}.Release|Any CPU.ActiveCfg = Release|Any CPU
		{6FEF54BB-3C96-4122-823E-7259385C51E4}.Release|Any CPU.Build.0 = Release|Any CPU
		{FC5B8EF2-F01D-4E89-B1C3-DD8F90883B9F}.Debug|Any CPU.ActiveCfg = Debug|Any CPU
		{FC5B8EF2-F01D-4E89-B1C3-DD8F90883B9F}.Debug|Any CPU.Build.0 = Debug|Any CPU
		{FC5B8EF2-F01D-4E89-B1C3-DD8F90883B9F}.Release|Any CPU.ActiveCfg = Release|Any CPU
		{FC5B8EF2-F01D-4E89-B1C3-DD8F90883B9F}.Release|Any CPU.Build.0 = Release|Any CPU
	EndGlobalSection
	GlobalSection(SolutionProperties) = preSolution
		HideSolutionNode = FALSE
	EndGlobalSection
	GlobalSection(ExtensibilityGlobals) = postSolution
		SolutionGuid = {FFA5C17B-B502-4C15-BA85-3041B934C306}
	EndGlobalSection
EndGlobal
